
Microsoft Visual Studio Solution File, Format Version 12.00
# Visual Studio 14
VisualStudioVersion = 14.0.23107.0
MinimumVisualStudioVersion = 10.0.40219.1
Project("{FAE04EC0-301F-11D3-BF4B-00C04F79EFBC}") = "WebEmailExtractor", "WebEmailExtractor\WebEmailExtractor.csproj", "{AE488E20-1D57-4F08-8AB3-488115413247}"
EndProject
Project("{FAE04EC0-301F-11D3-BF4B-00C04F79EFBC}") = "WebEmailExtractor.Tests", "WebEmailExtractor.Tests\WebEmailExtractor.Tests.csproj", "{E463B4E2-ED63-4ACD-9F05-3B89F1753286}"
EndProject
Global
	GlobalSection(SolutionConfigurationPlatforms) = preSolution
		Debug|Any CPU = Debug|Any CPU
		Release|Any CPU = Release|Any CPU
	EndGlobalSection
	GlobalSection(ProjectConfigurationPlatforms) = postSolution
		{AE488E20-1D57-4F08-8AB3-488115413247}.Debug|Any CPU.ActiveCfg = Debug|Any CPU
		{AE488E20-1D57-4F08-8AB3-488115413247}.Debug|Any CPU.Build.0 = Debug|Any CPU
		{AE488E20-1D57-4F08-8AB3-488115413247}.Release|Any CPU.ActiveCfg = Release|Any CPU
		{AE488E20-1D57-4F08-8AB3-488115413247}.Release|Any CPU.Build.0 = Release|Any CPU
		{E463B4E2-ED63-4ACD-9F05-3B89F1753286}.Debug|Any CPU.ActiveCfg = Debug|Any CPU
		{E463B4E2-ED63-4ACD-9F05-3B89F1753286}.Debug|Any CPU.Build.0 = Debug|Any CPU
		{E463B4E2-ED63-4ACD-9F05-3B89F1753286}.Release|Any CPU.ActiveCfg = Release|Any CPU
		{E463B4E2-ED63-4ACD-9F05-3B89F1753286}.Release|Any CPU.Build.0 = Release|Any CPU
	EndGlobalSection
	GlobalSection(SolutionProperties) = preSolution
		HideSolutionNode = FALSE
	EndGlobalSection
EndGlobal
